
Microsoft Visual Studio Solution File, Format Version 12.00
# Visual Studio 2013
VisualStudioVersion = 12.0.30110.0
MinimumVisualStudioVersion = 10.0.40219.1
Project("{FAE04EC0-301F-11D3-BF4B-00C04F79EFBC}") = "Tauron.Application.Common", "Tauron.Application.Common\Tauron.Application.Common.csproj", "{0D50EE98-A718-41B2-A1B6-57D23FDF5223}"
EndProject
Project("{FAE04EC0-301F-11D3-BF4B-00C04F79EFBC}") = "JetBrains.Annotations", "JetBrains.Annotations\JetBrains.Annotations.csproj", "{DF97133F-565A-4D1A-AFE3-4155B31A89E5}"
EndProject
Project("{FAE04EC0-301F-11D3-BF4B-00C04F79EFBC}") = "Tauron.Application.Common.Wpf", "Tauron.Application.Common.Wpf\Tauron.Application.Common.Wpf.csproj", "{03F1490A-9173-4E75-9D6E-FBE5A37AA649}"
EndProject
Project("{FAE04EC0-301F-11D3-BF4B-00C04F79EFBC}") = "Tauron.Application.Common.Wpf.Controls", "Tauron.Application.Common.Wpf.Controls\Tauron.Application.Common.Wpf.Controls.csproj", "{2CC827C8-5084-4334-8A68-0515DA46465E}"
EndProject
Project("{FAE04EC0-301F-11D3-BF4B-00C04F79EFBC}") = "Tauron.Application.Files", "Tauron.Application.Files\Tauron.Application.Files.csproj", "{E714D32E-1F12-47A5-A671-15EC83D85E75}"
EndProject
Project("{2150E333-8FDC-42A3-9474-1A3956D46DE8}") = "Main", "Main", "{03354689-07AC-4016-A93E-6A8E66F403E3}"
EndProject
Project("{2150E333-8FDC-42A3-9474-1A3956D46DE8}") = "Extendet", "Extendet", "{7B2FB91A-7F43-4B4E-8BAA-0DCAF33C78DC}"
EndProject
Project("{FAE04EC0-301F-11D3-BF4B-00C04F79EFBC}") = "Tauron.Application.Shell", "Tauron.Application.Shell\Tauron.Application.Shell.csproj", "{F3EBB9E4-E78D-4568-99E9-3219AE14DE57}"
EndProject
Project("{2150E333-8FDC-42A3-9474-1A3956D46DE8}") = "Source", "Source", "{B4B309E5-FB1F-4347-84A9-379CBCCA9CDF}"
EndProject
Project("{FAE04EC0-301F-11D3-BF4B-00C04F79EFBC}") = "ICSharpCode.Core", "Sharp Develop Source\src\Main\Core\Project\ICSharpCode.Core.csproj", "{35CEF10F-2D4C-45F2-9DD1-161E0FEC583C}"
EndProject
Global
	GlobalSection(SolutionConfigurationPlatforms) = preSolution
		Debug|Any CPU = Debug|Any CPU
		Release|Any CPU = Release|Any CPU
	EndGlobalSection
	GlobalSection(ProjectConfigurationPlatforms) = postSolution
		{0D50EE98-A718-41B2-A1B6-57D23FDF5223}.Debug|Any CPU.ActiveCfg = Debug|Any CPU
		{0D50EE98-A718-41B2-A1B6-57D23FDF5223}.Debug|Any CPU.Build.0 = Debug|Any CPU
		{0D50EE98-A718-41B2-A1B6-57D23FDF5223}.Release|Any CPU.ActiveCfg = Release|Any CPU
		{0D50EE98-A718-41B2-A1B6-57D23FDF5223}.Release|Any CPU.Build.0 = Release|Any CPU
		{DF97133F-565A-4D1A-AFE3-4155B31A89E5}.Debug|Any CPU.ActiveCfg = Debug|Any CPU
		{DF97133F-565A-4D1A-AFE3-4155B31A89E5}.Debug|Any CPU.Build.0 = Debug|Any CPU
		{DF97133F-565A-4D1A-AFE3-4155B31A89E5}.Release|Any CPU.ActiveCfg = Release|Any CPU
		{DF97133F-565A-4D1A-AFE3-4155B31A89E5}.Release|Any CPU.Build.0 = Release|Any CPU
		{03F1490A-9173-4E75-9D6E-FBE5A37AA649}.Debug|Any CPU.ActiveCfg = Debug|Any CPU
		{03F1490A-9173-4E75-9D6E-FBE5A37AA649}.Debug|Any CPU.Build.0 = Debug|Any CPU
		{03F1490A-9173-4E75-9D6E-FBE5A37AA649}.Release|Any CPU.ActiveCfg = Release|Any CPU
		{03F1490A-9173-4E75-9D6E-FBE5A37AA649}.Release|Any CPU.Build.0 = Release|Any CPU
		{2CC827C8-5084-4334-8A68-0515DA46465E}.Debug|Any CPU.ActiveCfg = Debug|Any CPU
		{2CC827C8-5084-4334-8A68-0515DA46465E}.Debug|Any CPU.Build.0 = Debug|Any CPU
		{2CC827C8-5084-4334-8A68-0515DA46465E}.Release|Any CPU.ActiveCfg = Release|Any CPU
		{2CC827C8-5084-4334-8A68-0515DA46465E}.Release|Any CPU.Build.0 = Release|Any CPU
		{E714D32E-1F12-47A5-A671-15EC83D85E75}.Debug|Any CPU.ActiveCfg = Debug|Any CPU
		{E714D32E-1F12-47A5-A671-15EC83D85E75}.Debug|Any CPU.Build.0 = Debug|Any CPU
		{E714D32E-1F12-47A5-A671-15EC83D85E75}.Release|Any CPU.ActiveCfg = Release|Any CPU
		{E714D32E-1F12-47A5-A671-15EC83D85E75}.Release|Any CPU.Build.0 = Release|Any CPU
		{F3EBB9E4-E78D-4568-99E9-3219AE14DE57}.Debug|Any CPU.ActiveCfg = Debug|Any CPU
		{F3EBB9E4-E78D-4568-99E9-3219AE14DE57}.Debug|Any CPU.Build.0 = Debug|Any CPU
		{F3EBB9E4-E78D-4568-99E9-3219AE14DE57}.Release|Any CPU.ActiveCfg = Release|Any CPU
		{F3EBB9E4-E78D-4568-99E9-3219AE14DE57}.Release|Any CPU.Build.0 = Release|Any CPU
		{35CEF10F-2D4C-45F2-9DD1-161E0FEC583C}.Debug|Any CPU.ActiveCfg = Debug|Any CPU
		{35CEF10F-2D4C-45F2-9DD1-161E0FEC583C}.Debug|Any CPU.Build.0 = Debug|Any CPU
		{35CEF10F-2D4C-45F2-9DD1-161E0FEC583C}.Release|Any CPU.ActiveCfg = Release|Any CPU
		{35CEF10F-2D4C-45F2-9DD1-161E0FEC583C}.Release|Any CPU.Build.0 = Release|Any CPU
	EndGlobalSection
	GlobalSection(SolutionProperties) = preSolution
		HideSolutionNode = FALSE
	EndGlobalSection
	GlobalSection(NestedProjects) = preSolution
		{E714D32E-1F12-47A5-A671-15EC83D85E75} = {03354689-07AC-4016-A93E-6A8E66F403E3}
		{DF97133F-565A-4D1A-AFE3-4155B31A89E5} = {03354689-07AC-4016-A93E-6A8E66F403E3}
		{0D50EE98-A718-41B2-A1B6-57D23FDF5223} = {03354689-07AC-4016-A93E-6A8E66F403E3}
		{03F1490A-9173-4E75-9D6E-FBE5A37AA649} = {03354689-07AC-4016-A93E-6A8E66F403E3}
		{2CC827C8-5084-4334-8A68-0515DA46465E} = {03354689-07AC-4016-A93E-6A8E66F403E3}
		{F3EBB9E4-E78D-4568-99E9-3219AE14DE57} = {7B2FB91A-7F43-4B4E-8BAA-0DCAF33C78DC}
		{B4B309E5-FB1F-4347-84A9-379CBCCA9CDF} = {7B2FB91A-7F43-4B4E-8BAA-0DCAF33C78DC}
		{35CEF10F-2D4C-45F2-9DD1-161E0FEC583C} = {B4B309E5-FB1F-4347-84A9-379CBCCA9CDF}
	EndGlobalSection
	GlobalSection(ExtensibilityGlobals) = postSolution
		EnterpriseLibraryConfigurationToolBinariesPathV6 = packages\EnterpriseLibrary.Common.6.0.1304.0\lib\NET45;packages\EnterpriseLibrary.ExceptionHandling.6.0.1304.0\lib\NET45;packages\EnterpriseLibrary.Logging.6.0.1304.0\lib\NET45;packages\EnterpriseLibrary.ExceptionHandling.Logging.6.0.1304.0\lib\NET45
	EndGlobalSection
EndGlobal
