
Microsoft Visual Studio Solution File, Format Version 12.00
# Visual Studio Version 16
VisualStudioVersion = 16.0.29411.138
MinimumVisualStudioVersion = 10.0.40219.1
Project("{9A19103F-16F7-4668-BE54-9A1E7A4F7556}") = "Tauron.Application.Common", "Tauron.Application.Common\Tauron.Application.Common.csproj", "{3DC40C66-D21A-4948-9564-E7054BE52934}"
EndProject
Project("{FAE04EC0-301F-11D3-BF4B-00C04F79EFBC}") = "Tauron.Application.Common.Windows", "Tauron.Application.Common.Windows\Tauron.Application.Common.Windows.csproj", "{7FA6AFCB-89AC-44FC-9840-C062C7FFDAD7}"
EndProject
Project("{9A19103F-16F7-4668-BE54-9A1E7A4F7556}") = "Tauron.Application.Common.CastleProxy", "Tauron.Application.Common.CastleProxy\Tauron.Application.Common.CastleProxy.csproj", "{522F6F7D-30E2-4CFC-8667-482397CA1CF1}"
EndProject
Project("{9A19103F-16F7-4668-BE54-9A1E7A4F7556}") = "Tauron.Application.Common.CastleProxy.AOP", "Tauron.Application.Common.CastleProxy.AOP\Tauron.Application.Common.CastleProxy.AOP.csproj", "{27F0A214-ABFC-426C-971C-28153356B5BD}"
EndProject
Project("{9A19103F-16F7-4668-BE54-9A1E7A4F7556}") = "Tauron.Application.Common.MVVM", "Tauron.Application.Common.MVVM\Tauron.Application.Common.MVVM.csproj", "{8423CDBC-5304-4CBF-9E02-4F74A85FA6D7}"
EndProject
Project("{FAE04EC0-301F-11D3-BF4B-00C04F79EFBC}") = "Tauron.Application.Common.MVVM.Wpf", "Tauron.Application.Common.MVVM.Wpf\Tauron.Application.Common.MVVM.Wpf.csproj", "{4DBEE1B0-5036-4C62-AF18-1F12C2512E3D}"
EndProject
Project("{9A19103F-16F7-4668-BE54-9A1E7A4F7556}") = "Tauron.Application.Common.BaseLayer", "Tauron.Application.Common.BaseLayer\Tauron.Application.Common.BaseLayer.csproj", "{0A0EF8CB-669A-4364-AF5D-AE5706489D05}"
EndProject
Project("{9A19103F-16F7-4668-BE54-9A1E7A4F7556}") = "Tauron.Application.Common.BaseLayer.EntityFramework", "Tauron.Application.Common.BaseLayer.EntityFramework\Tauron.Application.Common.BaseLayer.EntityFramework.csproj", "{A8B21C89-1CC8-442B-8D52-1A8B8FFEE143}"
EndProject
Project("{9A19103F-16F7-4668-BE54-9A1E7A4F7556}") = "Tauron.Application.Files", "Tauron.Application.Files\Tauron.Application.Files.csproj", "{323994BC-5CFF-4844-A932-774F21F6C2A7}"
EndProject
Project("{FAE04EC0-301F-11D3-BF4B-00C04F79EFBC}") = "Tauron.Application.Common.Updater", "Tauron.Application.Common.Updater\Tauron.Application.Common.Updater.csproj", "{0CCFECCD-BCFB-4A3E-A6F1-F5B627FA9236}"
EndProject
Project("{2150E333-8FDC-42A3-9474-1A3956D46DE8}") = "Experimental", "Experimental", "{1BFC724D-2C77-4AC1-8805-C43931FB2578}"
EndProject
Project("{FAE04EC0-301F-11D3-BF4B-00C04F79EFBC}") = "Tauron.Application.Common.Wpf.SplashScreen", "Tauron.Application.Common.Wpf.SplashScreen\Tauron.Application.Common.Wpf.SplashScreen.csproj", "{A008DDBA-DC3A-45ED-BFBD-6A646940AD30}"
EndProject
Project("{FAE04EC0-301F-11D3-BF4B-00C04F79EFBC}") = "Test", "Test\Test.csproj", "{8C4D7DF6-CE79-401D-B01E-8D3A1F2AB9A1}"
EndProject
Project("{2150E333-8FDC-42A3-9474-1A3956D46DE8}") = "Tests", "Tests", "{89473D18-8162-44B9-91DD-3E969AA51E51}"
EndProject
Project("{FAE04EC0-301F-11D3-BF4B-00C04F79EFBC}") = "TestApp", "TestApp\TestApp.csproj", "{A9072E7A-DAE0-4EED-B811-04D62CFF5118}"
EndProject
Project("{9A19103F-16F7-4668-BE54-9A1E7A4F7556}") = "Tauron.Application.Common.MVVM.Dynamic", "Tauron.Application.Common.MVVM.Dynamic\Tauron.Application.Common.MVVM.Dynamic.csproj", "{3BA41E89-B76B-4683-AE1C-6BE0E47ED389}"
EndProject
Project("{2150E333-8FDC-42A3-9474-1A3956D46DE8}") = "CQRS", "CQRS", "{2C053DCC-921B-4F12-A41E-A11343BB83DA}"
EndProject
Project("{2150E333-8FDC-42A3-9474-1A3956D46DE8}") = "Old", "Old", "{C5F2E73B-0B60-4985-A2FD-4BB0ACF23FC4}"
EndProject
Project("{2150E333-8FDC-42A3-9474-1A3956D46DE8}") = "New", "New", "{06CB055A-97EE-4BB2-B07C-DBB052CB4AE0}"
EndProject
Project("{9A19103F-16F7-4668-BE54-9A1E7A4F7556}") = "Tauron.CQRS.Common", "CQRS\Old\Tauron.CQRS.Common\Tauron.CQRS.Common.csproj", "{E6C894ED-E538-4783-A4B9-C3C9FD06A812}"
EndProject
Project("{9A19103F-16F7-4668-BE54-9A1E7A4F7556}") = "Tauron.CQRS.Health", "CQRS\Old\Tauron.CQRS.Health\Tauron.CQRS.Health.csproj", "{FF8AFF33-09C0-4807-B9B1-89960CF798D8}"
EndProject
Project("{9A19103F-16F7-4668-BE54-9A1E7A4F7556}") = "Tauron.CQRS.Server", "CQRS\Old\Tauron.CQRS.Server\Tauron.CQRS.Server.csproj", "{7ADE768A-77C4-4C83-B11A-8FEF8805A7C3}"
EndProject
Project("{9A19103F-16F7-4668-BE54-9A1E7A4F7556}") = "Tauron.CQRS.Services", "CQRS\Old\Tauron.CQRS.Services\Tauron.CQRS.Services.csproj", "{512FA15D-8E9B-4449-B51C-C526DCDC0821}"
EndProject
Project("{FAE04EC0-301F-11D3-BF4B-00C04F79EFBC}") = "Tauron.Application.CQRS.Common", "Tauron.Application.CQRS.Common\Tauron.Application.CQRS.Common.csproj", "{30D379EC-2DCE-4417-BA78-3E77BF837190}"
EndProject
Project("{FAE04EC0-301F-11D3-BF4B-00C04F79EFBC}") = "Tauron.Application.CQRS.Server", "Tauron.Application.CQRS.Server\Tauron.Application.CQRS.Server.csproj", "{877DA57A-5F1B-45A2-BE33-B700455E8272}"
EndProject
Project("{FAE04EC0-301F-11D3-BF4B-00C04F79EFBC}") = "Tauron.Application.Services.Client", "Tauron.Application.Services.Client\Tauron.Application.Services.Client.csproj", "{3AFA6805-2981-4B0B-B07B-42EC3DD08699}"
EndProject
Project("{2150E333-8FDC-42A3-9474-1A3956D46DE8}") = "Test", "Test", "{D41ADEAA-7DD2-4695-AD00-0E2D3889D191}"
EndProject
Project("{FAE04EC0-301F-11D3-BF4B-00C04F79EFBC}") = "CQRSTestApp", "CQRSTestApp\CQRSTestApp.csproj", "{1A1D1AED-E5D0-4AEA-95DF-038081C2F6DD}"
EndProject
Global
	GlobalSection(SolutionConfigurationPlatforms) = preSolution
		Debug Event Delivery|Any CPU = Debug Event Delivery|Any CPU
		Debug|Any CPU = Debug|Any CPU
		Release Debug|Any CPU = Release Debug|Any CPU
		Release|Any CPU = Release|Any CPU
	EndGlobalSection
	GlobalSection(ProjectConfigurationPlatforms) = postSolution
		{3DC40C66-D21A-4948-9564-E7054BE52934}.Debug Event Delivery|Any CPU.ActiveCfg = Debug|Any CPU
		{3DC40C66-D21A-4948-9564-E7054BE52934}.Debug|Any CPU.ActiveCfg = Debug|Any CPU
		{3DC40C66-D21A-4948-9564-E7054BE52934}.Debug|Any CPU.Build.0 = Debug|Any CPU
		{3DC40C66-D21A-4948-9564-E7054BE52934}.Release Debug|Any CPU.ActiveCfg = Release|Any CPU
		{3DC40C66-D21A-4948-9564-E7054BE52934}.Release Debug|Any CPU.Build.0 = Release|Any CPU
		{3DC40C66-D21A-4948-9564-E7054BE52934}.Release|Any CPU.ActiveCfg = Release|Any CPU
		{3DC40C66-D21A-4948-9564-E7054BE52934}.Release|Any CPU.Build.0 = Release|Any CPU
		{7FA6AFCB-89AC-44FC-9840-C062C7FFDAD7}.Debug Event Delivery|Any CPU.ActiveCfg = Debug|Any CPU
		{7FA6AFCB-89AC-44FC-9840-C062C7FFDAD7}.Debug|Any CPU.ActiveCfg = Debug|Any CPU
		{7FA6AFCB-89AC-44FC-9840-C062C7FFDAD7}.Debug|Any CPU.Build.0 = Debug|Any CPU
		{7FA6AFCB-89AC-44FC-9840-C062C7FFDAD7}.Release Debug|Any CPU.ActiveCfg = Release|Any CPU
		{7FA6AFCB-89AC-44FC-9840-C062C7FFDAD7}.Release Debug|Any CPU.Build.0 = Release|Any CPU
		{7FA6AFCB-89AC-44FC-9840-C062C7FFDAD7}.Release|Any CPU.ActiveCfg = Release|Any CPU
		{7FA6AFCB-89AC-44FC-9840-C062C7FFDAD7}.Release|Any CPU.Build.0 = Release|Any CPU
		{522F6F7D-30E2-4CFC-8667-482397CA1CF1}.Debug Event Delivery|Any CPU.ActiveCfg = Debug|Any CPU
		{522F6F7D-30E2-4CFC-8667-482397CA1CF1}.Debug|Any CPU.ActiveCfg = Debug|Any CPU
		{522F6F7D-30E2-4CFC-8667-482397CA1CF1}.Debug|Any CPU.Build.0 = Debug|Any CPU
		{522F6F7D-30E2-4CFC-8667-482397CA1CF1}.Release Debug|Any CPU.ActiveCfg = Release|Any CPU
		{522F6F7D-30E2-4CFC-8667-482397CA1CF1}.Release Debug|Any CPU.Build.0 = Release|Any CPU
		{522F6F7D-30E2-4CFC-8667-482397CA1CF1}.Release|Any CPU.ActiveCfg = Release|Any CPU
		{522F6F7D-30E2-4CFC-8667-482397CA1CF1}.Release|Any CPU.Build.0 = Release|Any CPU
		{27F0A214-ABFC-426C-971C-28153356B5BD}.Debug Event Delivery|Any CPU.ActiveCfg = Debug|Any CPU
		{27F0A214-ABFC-426C-971C-28153356B5BD}.Debug|Any CPU.ActiveCfg = Debug|Any CPU
		{27F0A214-ABFC-426C-971C-28153356B5BD}.Debug|Any CPU.Build.0 = Debug|Any CPU
		{27F0A214-ABFC-426C-971C-28153356B5BD}.Release Debug|Any CPU.ActiveCfg = Release|Any CPU
		{27F0A214-ABFC-426C-971C-28153356B5BD}.Release Debug|Any CPU.Build.0 = Release|Any CPU
		{27F0A214-ABFC-426C-971C-28153356B5BD}.Release|Any CPU.ActiveCfg = Release|Any CPU
		{27F0A214-ABFC-426C-971C-28153356B5BD}.Release|Any CPU.Build.0 = Release|Any CPU
		{8423CDBC-5304-4CBF-9E02-4F74A85FA6D7}.Debug Event Delivery|Any CPU.ActiveCfg = Debug|Any CPU
		{8423CDBC-5304-4CBF-9E02-4F74A85FA6D7}.Debug|Any CPU.ActiveCfg = Debug|Any CPU
		{8423CDBC-5304-4CBF-9E02-4F74A85FA6D7}.Debug|Any CPU.Build.0 = Debug|Any CPU
		{8423CDBC-5304-4CBF-9E02-4F74A85FA6D7}.Release Debug|Any CPU.ActiveCfg = Release|Any CPU
		{8423CDBC-5304-4CBF-9E02-4F74A85FA6D7}.Release Debug|Any CPU.Build.0 = Release|Any CPU
		{8423CDBC-5304-4CBF-9E02-4F74A85FA6D7}.Release|Any CPU.ActiveCfg = Release|Any CPU
		{8423CDBC-5304-4CBF-9E02-4F74A85FA6D7}.Release|Any CPU.Build.0 = Release|Any CPU
		{4DBEE1B0-5036-4C62-AF18-1F12C2512E3D}.Debug Event Delivery|Any CPU.ActiveCfg = Debug|Any CPU
		{4DBEE1B0-5036-4C62-AF18-1F12C2512E3D}.Debug|Any CPU.ActiveCfg = Debug|Any CPU
		{4DBEE1B0-5036-4C62-AF18-1F12C2512E3D}.Debug|Any CPU.Build.0 = Debug|Any CPU
		{4DBEE1B0-5036-4C62-AF18-1F12C2512E3D}.Release Debug|Any CPU.ActiveCfg = Release|Any CPU
		{4DBEE1B0-5036-4C62-AF18-1F12C2512E3D}.Release Debug|Any CPU.Build.0 = Release|Any CPU
		{4DBEE1B0-5036-4C62-AF18-1F12C2512E3D}.Release|Any CPU.ActiveCfg = Release|Any CPU
		{4DBEE1B0-5036-4C62-AF18-1F12C2512E3D}.Release|Any CPU.Build.0 = Release|Any CPU
		{0A0EF8CB-669A-4364-AF5D-AE5706489D05}.Debug Event Delivery|Any CPU.ActiveCfg = Debug|Any CPU
		{0A0EF8CB-669A-4364-AF5D-AE5706489D05}.Debug|Any CPU.ActiveCfg = Debug|Any CPU
		{0A0EF8CB-669A-4364-AF5D-AE5706489D05}.Debug|Any CPU.Build.0 = Debug|Any CPU
		{0A0EF8CB-669A-4364-AF5D-AE5706489D05}.Release Debug|Any CPU.ActiveCfg = Release|Any CPU
		{0A0EF8CB-669A-4364-AF5D-AE5706489D05}.Release Debug|Any CPU.Build.0 = Release|Any CPU
		{0A0EF8CB-669A-4364-AF5D-AE5706489D05}.Release|Any CPU.ActiveCfg = Release|Any CPU
		{0A0EF8CB-669A-4364-AF5D-AE5706489D05}.Release|Any CPU.Build.0 = Release|Any CPU
		{A8B21C89-1CC8-442B-8D52-1A8B8FFEE143}.Debug Event Delivery|Any CPU.ActiveCfg = Debug|Any CPU
		{A8B21C89-1CC8-442B-8D52-1A8B8FFEE143}.Debug|Any CPU.ActiveCfg = Debug|Any CPU
		{A8B21C89-1CC8-442B-8D52-1A8B8FFEE143}.Debug|Any CPU.Build.0 = Debug|Any CPU
		{A8B21C89-1CC8-442B-8D52-1A8B8FFEE143}.Release Debug|Any CPU.ActiveCfg = Release|Any CPU
		{A8B21C89-1CC8-442B-8D52-1A8B8FFEE143}.Release Debug|Any CPU.Build.0 = Release|Any CPU
		{A8B21C89-1CC8-442B-8D52-1A8B8FFEE143}.Release|Any CPU.ActiveCfg = Release|Any CPU
		{A8B21C89-1CC8-442B-8D52-1A8B8FFEE143}.Release|Any CPU.Build.0 = Release|Any CPU
		{323994BC-5CFF-4844-A932-774F21F6C2A7}.Debug Event Delivery|Any CPU.ActiveCfg = Debug|Any CPU
		{323994BC-5CFF-4844-A932-774F21F6C2A7}.Debug|Any CPU.ActiveCfg = Debug|Any CPU
		{323994BC-5CFF-4844-A932-774F21F6C2A7}.Debug|Any CPU.Build.0 = Debug|Any CPU
		{323994BC-5CFF-4844-A932-774F21F6C2A7}.Release Debug|Any CPU.ActiveCfg = Release|Any CPU
		{323994BC-5CFF-4844-A932-774F21F6C2A7}.Release Debug|Any CPU.Build.0 = Release|Any CPU
		{323994BC-5CFF-4844-A932-774F21F6C2A7}.Release|Any CPU.ActiveCfg = Release|Any CPU
		{323994BC-5CFF-4844-A932-774F21F6C2A7}.Release|Any CPU.Build.0 = Release|Any CPU
		{0CCFECCD-BCFB-4A3E-A6F1-F5B627FA9236}.Debug Event Delivery|Any CPU.ActiveCfg = Debug|Any CPU
		{0CCFECCD-BCFB-4A3E-A6F1-F5B627FA9236}.Debug|Any CPU.ActiveCfg = Debug|Any CPU
		{0CCFECCD-BCFB-4A3E-A6F1-F5B627FA9236}.Debug|Any CPU.Build.0 = Debug|Any CPU
		{0CCFECCD-BCFB-4A3E-A6F1-F5B627FA9236}.Release Debug|Any CPU.ActiveCfg = Release|Any CPU
		{0CCFECCD-BCFB-4A3E-A6F1-F5B627FA9236}.Release Debug|Any CPU.Build.0 = Release|Any CPU
		{0CCFECCD-BCFB-4A3E-A6F1-F5B627FA9236}.Release|Any CPU.ActiveCfg = Release|Any CPU
		{0CCFECCD-BCFB-4A3E-A6F1-F5B627FA9236}.Release|Any CPU.Build.0 = Release|Any CPU
		{A008DDBA-DC3A-45ED-BFBD-6A646940AD30}.Debug Event Delivery|Any CPU.ActiveCfg = Debug|Any CPU
		{A008DDBA-DC3A-45ED-BFBD-6A646940AD30}.Debug|Any CPU.ActiveCfg = Debug|Any CPU
		{A008DDBA-DC3A-45ED-BFBD-6A646940AD30}.Debug|Any CPU.Build.0 = Debug|Any CPU
		{A008DDBA-DC3A-45ED-BFBD-6A646940AD30}.Release Debug|Any CPU.ActiveCfg = Release|Any CPU
		{A008DDBA-DC3A-45ED-BFBD-6A646940AD30}.Release Debug|Any CPU.Build.0 = Release|Any CPU
		{A008DDBA-DC3A-45ED-BFBD-6A646940AD30}.Release|Any CPU.ActiveCfg = Release|Any CPU
		{A008DDBA-DC3A-45ED-BFBD-6A646940AD30}.Release|Any CPU.Build.0 = Release|Any CPU
		{8C4D7DF6-CE79-401D-B01E-8D3A1F2AB9A1}.Debug Event Delivery|Any CPU.ActiveCfg = Debug|Any CPU
		{8C4D7DF6-CE79-401D-B01E-8D3A1F2AB9A1}.Debug|Any CPU.ActiveCfg = Debug|Any CPU
		{8C4D7DF6-CE79-401D-B01E-8D3A1F2AB9A1}.Debug|Any CPU.Build.0 = Debug|Any CPU
		{8C4D7DF6-CE79-401D-B01E-8D3A1F2AB9A1}.Release Debug|Any CPU.ActiveCfg = Release|Any CPU
		{8C4D7DF6-CE79-401D-B01E-8D3A1F2AB9A1}.Release Debug|Any CPU.Build.0 = Release|Any CPU
		{8C4D7DF6-CE79-401D-B01E-8D3A1F2AB9A1}.Release|Any CPU.ActiveCfg = Release|Any CPU
		{8C4D7DF6-CE79-401D-B01E-8D3A1F2AB9A1}.Release|Any CPU.Build.0 = Release|Any CPU
		{A9072E7A-DAE0-4EED-B811-04D62CFF5118}.Debug Event Delivery|Any CPU.ActiveCfg = Debug|Any CPU
		{A9072E7A-DAE0-4EED-B811-04D62CFF5118}.Debug|Any CPU.ActiveCfg = Debug|Any CPU
		{A9072E7A-DAE0-4EED-B811-04D62CFF5118}.Debug|Any CPU.Build.0 = Debug|Any CPU
		{A9072E7A-DAE0-4EED-B811-04D62CFF5118}.Release Debug|Any CPU.ActiveCfg = Release|Any CPU
		{A9072E7A-DAE0-4EED-B811-04D62CFF5118}.Release Debug|Any CPU.Build.0 = Release|Any CPU
		{A9072E7A-DAE0-4EED-B811-04D62CFF5118}.Release|Any CPU.ActiveCfg = Release|Any CPU
		{A9072E7A-DAE0-4EED-B811-04D62CFF5118}.Release|Any CPU.Build.0 = Release|Any CPU
		{3BA41E89-B76B-4683-AE1C-6BE0E47ED389}.Debug Event Delivery|Any CPU.ActiveCfg = Debug|Any CPU
		{3BA41E89-B76B-4683-AE1C-6BE0E47ED389}.Debug|Any CPU.ActiveCfg = Debug|Any CPU
		{3BA41E89-B76B-4683-AE1C-6BE0E47ED389}.Debug|Any CPU.Build.0 = Debug|Any CPU
		{3BA41E89-B76B-4683-AE1C-6BE0E47ED389}.Release Debug|Any CPU.ActiveCfg = Release|Any CPU
		{3BA41E89-B76B-4683-AE1C-6BE0E47ED389}.Release Debug|Any CPU.Build.0 = Release|Any CPU
		{3BA41E89-B76B-4683-AE1C-6BE0E47ED389}.Release|Any CPU.ActiveCfg = Release|Any CPU
		{3BA41E89-B76B-4683-AE1C-6BE0E47ED389}.Release|Any CPU.Build.0 = Release|Any CPU
		{E6C894ED-E538-4783-A4B9-C3C9FD06A812}.Debug Event Delivery|Any CPU.ActiveCfg = Debug Event Delivery|Any CPU
		{E6C894ED-E538-4783-A4B9-C3C9FD06A812}.Debug Event Delivery|Any CPU.Build.0 = Debug Event Delivery|Any CPU
		{E6C894ED-E538-4783-A4B9-C3C9FD06A812}.Debug|Any CPU.ActiveCfg = Debug|Any CPU
		{E6C894ED-E538-4783-A4B9-C3C9FD06A812}.Debug|Any CPU.Build.0 = Debug|Any CPU
		{E6C894ED-E538-4783-A4B9-C3C9FD06A812}.Release Debug|Any CPU.ActiveCfg = Release|Any CPU
		{E6C894ED-E538-4783-A4B9-C3C9FD06A812}.Release Debug|Any CPU.Build.0 = Release|Any CPU
		{E6C894ED-E538-4783-A4B9-C3C9FD06A812}.Release|Any CPU.ActiveCfg = Release|Any CPU
		{E6C894ED-E538-4783-A4B9-C3C9FD06A812}.Release|Any CPU.Build.0 = Release|Any CPU
		{FF8AFF33-09C0-4807-B9B1-89960CF798D8}.Debug Event Delivery|Any CPU.ActiveCfg = Debug Event Delivery|Any CPU
		{FF8AFF33-09C0-4807-B9B1-89960CF798D8}.Debug Event Delivery|Any CPU.Build.0 = Debug Event Delivery|Any CPU
		{FF8AFF33-09C0-4807-B9B1-89960CF798D8}.Debug|Any CPU.ActiveCfg = Debug|Any CPU
		{FF8AFF33-09C0-4807-B9B1-89960CF798D8}.Debug|Any CPU.Build.0 = Debug|Any CPU
		{FF8AFF33-09C0-4807-B9B1-89960CF798D8}.Release Debug|Any CPU.ActiveCfg = Release|Any CPU
		{FF8AFF33-09C0-4807-B9B1-89960CF798D8}.Release Debug|Any CPU.Build.0 = Release|Any CPU
		{FF8AFF33-09C0-4807-B9B1-89960CF798D8}.Release|Any CPU.ActiveCfg = Release|Any CPU
		{FF8AFF33-09C0-4807-B9B1-89960CF798D8}.Release|Any CPU.Build.0 = Release|Any CPU
		{7ADE768A-77C4-4C83-B11A-8FEF8805A7C3}.Debug Event Delivery|Any CPU.ActiveCfg = Debug Event Delivery|Any CPU
		{7ADE768A-77C4-4C83-B11A-8FEF8805A7C3}.Debug Event Delivery|Any CPU.Build.0 = Debug Event Delivery|Any CPU
		{7ADE768A-77C4-4C83-B11A-8FEF8805A7C3}.Debug|Any CPU.ActiveCfg = Debug|Any CPU
		{7ADE768A-77C4-4C83-B11A-8FEF8805A7C3}.Debug|Any CPU.Build.0 = Debug|Any CPU
		{7ADE768A-77C4-4C83-B11A-8FEF8805A7C3}.Release Debug|Any CPU.ActiveCfg = Release|Any CPU
		{7ADE768A-77C4-4C83-B11A-8FEF8805A7C3}.Release Debug|Any CPU.Build.0 = Release|Any CPU
		{7ADE768A-77C4-4C83-B11A-8FEF8805A7C3}.Release|Any CPU.ActiveCfg = Release|Any CPU
		{7ADE768A-77C4-4C83-B11A-8FEF8805A7C3}.Release|Any CPU.Build.0 = Release|Any CPU
		{512FA15D-8E9B-4449-B51C-C526DCDC0821}.Debug Event Delivery|Any CPU.ActiveCfg = Debug Event Delivery|Any CPU
		{512FA15D-8E9B-4449-B51C-C526DCDC0821}.Debug Event Delivery|Any CPU.Build.0 = Debug Event Delivery|Any CPU
		{512FA15D-8E9B-4449-B51C-C526DCDC0821}.Debug|Any CPU.ActiveCfg = Debug|Any CPU
		{512FA15D-8E9B-4449-B51C-C526DCDC0821}.Debug|Any CPU.Build.0 = Debug|Any CPU
		{512FA15D-8E9B-4449-B51C-C526DCDC0821}.Release Debug|Any CPU.ActiveCfg = Release|Any CPU
		{512FA15D-8E9B-4449-B51C-C526DCDC0821}.Release Debug|Any CPU.Build.0 = Release|Any CPU
		{512FA15D-8E9B-4449-B51C-C526DCDC0821}.Release|Any CPU.ActiveCfg = Release|Any CPU
		{512FA15D-8E9B-4449-B51C-C526DCDC0821}.Release|Any CPU.Build.0 = Release|Any CPU
		{30D379EC-2DCE-4417-BA78-3E77BF837190}.Debug Event Delivery|Any CPU.ActiveCfg = Debug|Any CPU
		{30D379EC-2DCE-4417-BA78-3E77BF837190}.Debug Event Delivery|Any CPU.Build.0 = Debug|Any CPU
		{30D379EC-2DCE-4417-BA78-3E77BF837190}.Debug|Any CPU.ActiveCfg = Debug|Any CPU
		{30D379EC-2DCE-4417-BA78-3E77BF837190}.Debug|Any CPU.Build.0 = Debug|Any CPU
		{30D379EC-2DCE-4417-BA78-3E77BF837190}.Release Debug|Any CPU.ActiveCfg = Release|Any CPU
		{30D379EC-2DCE-4417-BA78-3E77BF837190}.Release Debug|Any CPU.Build.0 = Release|Any CPU
		{30D379EC-2DCE-4417-BA78-3E77BF837190}.Release|Any CPU.ActiveCfg = Release|Any CPU
		{30D379EC-2DCE-4417-BA78-3E77BF837190}.Release|Any CPU.Build.0 = Release|Any CPU
		{877DA57A-5F1B-45A2-BE33-B700455E8272}.Debug Event Delivery|Any CPU.ActiveCfg = Debug|Any CPU
		{877DA57A-5F1B-45A2-BE33-B700455E8272}.Debug Event Delivery|Any CPU.Build.0 = Debug|Any CPU
		{877DA57A-5F1B-45A2-BE33-B700455E8272}.Debug|Any CPU.ActiveCfg = Debug|Any CPU
		{877DA57A-5F1B-45A2-BE33-B700455E8272}.Debug|Any CPU.Build.0 = Debug|Any CPU
		{877DA57A-5F1B-45A2-BE33-B700455E8272}.Release Debug|Any CPU.ActiveCfg = Release|Any CPU
		{877DA57A-5F1B-45A2-BE33-B700455E8272}.Release Debug|Any CPU.Build.0 = Release|Any CPU
		{877DA57A-5F1B-45A2-BE33-B700455E8272}.Release|Any CPU.ActiveCfg = Release|Any CPU
		{877DA57A-5F1B-45A2-BE33-B700455E8272}.Release|Any CPU.Build.0 = Release|Any CPU
		{3AFA6805-2981-4B0B-B07B-42EC3DD08699}.Debug Event Delivery|Any CPU.ActiveCfg = Debug|Any CPU
		{3AFA6805-2981-4B0B-B07B-42EC3DD08699}.Debug Event Delivery|Any CPU.Build.0 = Debug|Any CPU
		{3AFA6805-2981-4B0B-B07B-42EC3DD08699}.Debug|Any CPU.ActiveCfg = Debug|Any CPU
		{3AFA6805-2981-4B0B-B07B-42EC3DD08699}.Debug|Any CPU.Build.0 = Debug|Any CPU
		{3AFA6805-2981-4B0B-B07B-42EC3DD08699}.Release Debug|Any CPU.ActiveCfg = Release|Any CPU
		{3AFA6805-2981-4B0B-B07B-42EC3DD08699}.Release Debug|Any CPU.Build.0 = Release|Any CPU
		{3AFA6805-2981-4B0B-B07B-42EC3DD08699}.Release|Any CPU.ActiveCfg = Release|Any CPU
		{3AFA6805-2981-4B0B-B07B-42EC3DD08699}.Release|Any CPU.Build.0 = Release|Any CPU
		{1A1D1AED-E5D0-4AEA-95DF-038081C2F6DD}.Debug Event Delivery|Any CPU.ActiveCfg = Debug|Any CPU
		{1A1D1AED-E5D0-4AEA-95DF-038081C2F6DD}.Debug Event Delivery|Any CPU.Build.0 = Debug|Any CPU
		{1A1D1AED-E5D0-4AEA-95DF-038081C2F6DD}.Debug|Any CPU.ActiveCfg = Debug|Any CPU
		{1A1D1AED-E5D0-4AEA-95DF-038081C2F6DD}.Debug|Any CPU.Build.0 = Debug|Any CPU
		{1A1D1AED-E5D0-4AEA-95DF-038081C2F6DD}.Release Debug|Any CPU.ActiveCfg = Release|Any CPU
		{1A1D1AED-E5D0-4AEA-95DF-038081C2F6DD}.Release Debug|Any CPU.Build.0 = Release|Any CPU
		{1A1D1AED-E5D0-4AEA-95DF-038081C2F6DD}.Release|Any CPU.ActiveCfg = Release|Any CPU
		{1A1D1AED-E5D0-4AEA-95DF-038081C2F6DD}.Release|Any CPU.Build.0 = Release|Any CPU
	EndGlobalSection
	GlobalSection(SolutionProperties) = preSolution
		HideSolutionNode = FALSE
	EndGlobalSection
	GlobalSection(NestedProjects) = preSolution
		{8C4D7DF6-CE79-401D-B01E-8D3A1F2AB9A1} = {1BFC724D-2C77-4AC1-8805-C43931FB2578}
		{A9072E7A-DAE0-4EED-B811-04D62CFF5118} = {89473D18-8162-44B9-91DD-3E969AA51E51}
		{C5F2E73B-0B60-4985-A2FD-4BB0ACF23FC4} = {2C053DCC-921B-4F12-A41E-A11343BB83DA}
		{06CB055A-97EE-4BB2-B07C-DBB052CB4AE0} = {2C053DCC-921B-4F12-A41E-A11343BB83DA}
		{E6C894ED-E538-4783-A4B9-C3C9FD06A812} = {C5F2E73B-0B60-4985-A2FD-4BB0ACF23FC4}
		{FF8AFF33-09C0-4807-B9B1-89960CF798D8} = {C5F2E73B-0B60-4985-A2FD-4BB0ACF23FC4}
		{7ADE768A-77C4-4C83-B11A-8FEF8805A7C3} = {C5F2E73B-0B60-4985-A2FD-4BB0ACF23FC4}
		{512FA15D-8E9B-4449-B51C-C526DCDC0821} = {C5F2E73B-0B60-4985-A2FD-4BB0ACF23FC4}
		{30D379EC-2DCE-4417-BA78-3E77BF837190} = {06CB055A-97EE-4BB2-B07C-DBB052CB4AE0}
		{877DA57A-5F1B-45A2-BE33-B700455E8272} = {06CB055A-97EE-4BB2-B07C-DBB052CB4AE0}
		{3AFA6805-2981-4B0B-B07B-42EC3DD08699} = {06CB055A-97EE-4BB2-B07C-DBB052CB4AE0}
		{D41ADEAA-7DD2-4695-AD00-0E2D3889D191} = {2C053DCC-921B-4F12-A41E-A11343BB83DA}
		{1A1D1AED-E5D0-4AEA-95DF-038081C2F6DD} = {D41ADEAA-7DD2-4695-AD00-0E2D3889D191}
	EndGlobalSection
	GlobalSection(ExtensibilityGlobals) = postSolution
		SolutionGuid = {89D9E0CE-98E3-466A-B160-AE2000937FB3}
	EndGlobalSection
EndGlobal
